%{
  "acceptor_pool": {:hex, :acceptor_pool, "1.0.0", "43c20d2acae35f0c2bcd64f9d2bde267e459f0f3fd23dab26485bf518c281b21", [:rebar3], [], "hexpm", "0cbcd83fdc8b9ad2eee2067ef8b91a14858a5883cb7cd800e6fcd5803e158788"},
  "earmark_parser": {:hex, :earmark_parser, "1.4.33", "3c3fd9673bb5dcc9edc28dd90f50c87ce506d1f71b70e3de69aa8154bc695d44", [:mix], [], "hexpm", "2d526833729b59b9fdb85785078697c72ac5e5066350663e5be6a1182da61b8f"},
  "ex_doc": {:hex, :ex_doc, "0.30.5", "aa6da96a5c23389d7dc7c381eba862710e108cee9cfdc629b7ec021313900e9e", [:mix], [{:earmark_parser, "~> 1.4.31", [hex: :earmark_parser, repo: "hexpm", optional: false]}, {:makeup_elixir, "~> 0.14", [hex: :makeup_elixir, repo: "hexpm", optional: false]}, {:makeup_erlang, "~> 0.1", [hex: :makeup_erlang, repo: "hexpm", optional: false]}], "hexpm", "88a1e115dcb91cefeef7e22df4a6ebbe4634fbf98b38adcbc25c9607d6d9d8e6"},
  "makeup": {:hex, :makeup, "1.1.0", "6b67c8bc2882a6b6a445859952a602afc1a41c2e08379ca057c0f525366fc3ca", [:mix], [{:nimble_parsec, "~> 1.2.2 or ~> 1.3", [hex: :nimble_parsec, repo: "hexpm", optional: false]}], "hexpm", "0a45ed501f4a8897f580eabf99a2e5234ea3e75a4373c8a52824f6e873be57a6"},
  "makeup_elixir": {:hex, :makeup_elixir, "0.16.1", "cc9e3ca312f1cfeccc572b37a09980287e243648108384b97ff2b76e505c3555", [:mix], [{:makeup, "~> 1.0", [hex: :makeup, repo: "hexpm", optional: false]}, {:nimble_parsec, "~> 1.2.3 or ~> 1.3", [hex: :nimble_parsec, repo: "hexpm", optional: false]}], "hexpm", "e127a341ad1b209bd80f7bd1620a15693a9908ed780c3b763bccf7d200c767c6"},
  "makeup_erlang": {:hex, :makeup_erlang, "0.1.2", "ad87296a092a46e03b7e9b0be7631ddcf64c790fa68a9ef5323b6cbb36affc72", [:mix], [{:makeup, "~> 1.0", [hex: :makeup, repo: "hexpm", optional: false]}], "hexpm", "f3f5a1ca93ce6e092d92b6d9c049bcda58a3b617a8d888f8e7231c85630e8108"},
  "nimble_parsec": {:hex, :nimble_parsec, "1.3.1", "2c54013ecf170e249e9291ed0a62e5832f70a476c61da16f6aac6dca0189f2af", [:mix], [], "hexpm", "2682e3c0b2eb58d90c6375fc0cc30bc7be06f365bf72608804fb9cffa5e1b167"},
  "opentelemetry_api": {:hex, :opentelemetry_api, "1.2.1", "7b69ed4f40025c005de0b74fce8c0549625d59cb4df12d15c32fe6dc5076ff42", [:mix, :rebar3], [{:opentelemetry_semantic_conventions, "~> 0.2", [hex: :opentelemetry_semantic_conventions, repo: "hexpm", optional: false]}], "hexpm", "6d7a27b7cad2ad69a09cabf6670514cafcec717c8441beb5c96322bac3d05350"},
  "opentelemetry_semantic_conventions": {:hex, :opentelemetry_semantic_conventions, "0.2.0", "b67fe459c2938fcab341cb0951c44860c62347c005ace1b50f8402576f241435", [:mix, :rebar3], [], "hexpm", "d61fa1f5639ee8668d74b527e6806e0503efc55a42db7b5f39939d84c07d6895"},
  "partisan": {:git, "https://github.com/lasp-lang/partisan.git", "7844bf887cb4a9e35ff0b5fa763db8f7f9899a20", []},
  "phoenix_pubsub": {:hex, :phoenix_pubsub, "2.1.3", "3168d78ba41835aecad272d5e8cd51aa87a7ac9eb836eabc42f6e57538e3731d", [:mix], [], "hexpm", "bba06bc1dcfd8cb086759f0edc94a8ba2bc8896d5331a1e2c2902bf8e36ee502"},
  "quickrand": {:hex, :quickrand, "2.0.6", "37e49398d614534f2861633f8e1155828676df31ed90872616e4a526e6b9cf38", [:rebar3], [], "hexpm", "86a03c7fc96b9c6b9fa6bef5fceb773e359c772ee3814be60b8eb44b54f99140"},
  "telemetry": {:hex, :telemetry, "1.2.1", "68fdfe8d8f05a8428483a97d7aab2f268aaff24b49e0f599faa091f1d4e7f61c", [:rebar3], [], "hexpm", "dad9ce9d8effc621708f99eac538ef1cbe05d6a874dd741de2e689c47feafed5"},
  "types": {:hex, :types, "0.1.8", "5782b67231e8c174fe2835395e71e669fe0121076779d2a09f1c0d58ee0e2f13", [:rebar3], [], "hexpm", "04285239f4954c5ede56f78ed7778ede24e3f2e997f7b16402a167af0cc2658a"},
  "uuid": {:hex, :uuid_erl, "2.0.5", "60faeeb7edfd40847ed13cb0dd1044baabe4e79a00c0ca9c4d13a073914b1016", [:rebar3], [{:quickrand, ">= 2.0.5", [hex: :quickrand, repo: "hexpm", optional: false]}], "hexpm", "e54373262ca88401689277947c54b95e9ecbc977bd5c57c9dd44ad9da278e360"},
}
